
Microsoft Visual Studio Solution File, Format Version 12.00
# Visual Studio Version 17
VisualStudioVersion = 17.5.002.0
MinimumVisualStudioVersion = 10.0.40219.1
Project("{9A19103F-16F7-4668-BE54-9A1E7A4F7556}") = "ScreenPlay.Server", "ScreenPlay.Server.csproj", "{466B2F0A-C9D1-4686-AFE0-CA6F3D187709}"
EndProject
Global
	GlobalSection(SolutionConfigurationPlatforms) = preSolution
		Debug|Any CPU = Debug|Any CPU
		Release|Any CPU = Release|Any CPU
	EndGlobalSection
	GlobalSection(ProjectConfigurationPlatforms) = postSolution
		{466B2F0A-C9D1-4686-AFE0-CA6F3D187709}.Debug|Any CPU.ActiveCfg = Debug|Any CPU
		{466B2F0A-C9D1-4686-AFE0-CA6F3D187709}.Debug|Any CPU.Build.0 = Debug|Any CPU
		{466B2F0A-C9D1-4686-AFE0-CA6F3D187709}.Release|Any CPU.ActiveCfg = Release|Any CPU
		{466B2F0A-C9D1-4686-AFE0-CA6F3D187709}.Release|Any CPU.Build.0 = Release|Any CPU
	EndGlobalSection
	GlobalSection(SolutionProperties) = preSolution
		HideSolutionNode = FALSE
	EndGlobalSection
	GlobalSection(ExtensibilityGlobals) = postSolution
		SolutionGuid = {3819F985-2E9B-4BA5-B383-6665CC8D21D4}
	EndGlobalSection
EndGlobal
